// !$*UTF8*$!
{
	archiveVersion = 1;
	classes = {
	};
	objectVersion = 50;
	objects = {

/* Begin PBXBuildFile section */
		43C3D7DC229161B400EE9CDC /* AppDelegate.swift in Sources */ = {isa = PBXBuildFile; fileRef = 43C3D7DB229161B400EE9CDC /* AppDelegate.swift */; };
		43C3D7DE229161B400EE9CDC /* ViewController.swift in Sources */ = {isa = PBXBuildFile; fileRef = 43C3D7DD229161B400EE9CDC /* ViewController.swift */; };
		43C3D7E1229161B400EE9CDC /* Main.storyboard in Resources */ = {isa = PBXBuildFile; fileRef = 43C3D7DF229161B400EE9CDC /* Main.storyboard */; };
		43C3D7E3229161B500EE9CDC /* Assets.xcassets in Resources */ = {isa = PBXBuildFile; fileRef = 43C3D7E2229161B500EE9CDC /* Assets.xcassets */; };
		43C3D7E6229161B500EE9CDC /* LaunchScreen.storyboard in Resources */ = {isa = PBXBuildFile; fileRef = 43C3D7E4229161B500EE9CDC /* LaunchScreen.storyboard */; };
		43C3D7F1229161B500EE9CDC /* chapter5_1Tests.swift in Sources */ = {isa = PBXBuildFile; fileRef = 43C3D7F0229161B500EE9CDC /* chapter5_1Tests.swift */; };
		43C3D7FC229161B500EE9CDC /* chapter5_1UITests.swift in Sources */ = {isa = PBXBuildFile; fileRef = 43C3D7FB229161B500EE9CDC /* chapter5_1UITests.swift */; };
		43C3D93F2291F88900EE9CDC /* logo.png in Resources */ = {isa = PBXBuildFile; fileRef = 43C3D93D2291F88900EE9CDC /* logo.png */; };
		43C3D9402291F88900EE9CDC /* apress.png in Resources */ = {isa = PBXBuildFile; fileRef = 43C3D93E2291F88900EE9CDC /* apress.png */; };
/* End PBXBuildFile section */

/* Begin PBXContainerItemProxy section */
		43C3D7ED229161B500EE9CDC /* PBXContainerItemProxy */ = {
			isa = PBXContainerItemProxy;
			containerPortal = 43C3D7D0229161B400EE9CDC /* Project object */;
			proxyType = 1;
			remoteGlobalIDString = 43C3D7D7229161B400EE9CDC;
			remoteInfo = chapter5_1;
		};
		43C3D7F8229161B500EE9CDC /* PBXContainerItemProxy */ = {
			isa = PBXContainerItemProxy;
			containerPortal = 43C3D7D0229161B400EE9CDC /* Project object */;
			proxyType = 1;
			remoteGlobalIDString = 43C3D7D7229161B400EE9CDC;
			remoteInfo = chapter5_1;
		};
/* End PBXContainerItemProxy section */

/* Begin PBXFileReference section */
		43C3D7D8229161B400EE9CDC /* chapter5_1.app */ = {isa = PBXFileReference; explicitFileType = wrapper.application; includeInIndex = 0; path = chapter5_1.app; sourceTree = BUILT_PRODUCTS_DIR; };
		43C3D7DB229161B400EE9CDC /* AppDelegate.swift */ = {isa = PBXFileReference; lastKnownFileType = sourcecode.swift; path = AppDelegate.swift; sourceTree = "<group>"; };
		43C3D7DD229161B400EE9CDC /* ViewController.swift */ = {isa = PBXFileReference; lastKnownFileType = sourcecode.swift; path = ViewController.swift; sourceTree = "<group>"; };
		43C3D7E0229161B400EE9CDC /* Base */ = {isa = PBXFileReference; lastKnownFileType = file.storyboard; name = Base; path = Base.lproj/Main.storyboard; sourceTree = "<group>"; };
		43C3D7E2229161B500EE9CDC /* Assets.xcassets */ = {isa = PBXFileReference; lastKnownFileType = folder.assetcatalog; path = Assets.xcassets; sourceTree = "<group>"; };
		43C3D7E5229161B500EE9CDC /* Base */ = {isa = PBXFileReference; lastKnownFileType = file.storyboard; name = Base; path = Base.lproj/LaunchScreen.storyboard; sourceTree = "<group>"; };
		43C3D7E7229161B500EE9CDC /* Info.plist */ = {isa = PBXFileReference; lastKnownFileType = text.plist.xml; path = Info.plist; sourceTree = "<group>"; };
		43C3D7EC229161B500EE9CDC /* chapter5_1Tests.xctest */ = {isa = PBXFileReference; explicitFileType = wrapper.cfbundle; includeInIndex = 0; path = chapter5_1Tests.xctest; sourceTree = BUILT_PRODUCTS_DIR; };
		43C3D7F0229161B500EE9CDC /* chapter5_1Tests.swift */ = {isa = PBXFileReference; lastKnownFileType = sourcecode.swift; path = chapter5_1Tests.swift; sourceTree = "<group>"; };
		43C3D7F2229161B500EE9CDC /* Info.plist */ = {isa = PBXFileReference; lastKnownFileType = text.plist.xml; path = Info.plist; sourceTree = "<group>"; };
		43C3D7F7229161B500EE9CDC /* chapter5_1UITests.xctest */ = {isa = PBXFileReference; explicitFileType = wrapper.cfbundle; includeInIndex = 0; path = chapter5_1UITests.xctest; sourceTree = BUILT_PRODUCTS_DIR; };
		43C3D7FB229161B500EE9CDC /* chapter5_1UITests.swift */ = {isa = PBXFileReference; lastKnownFileType = sourcecode.swift; path = chapter5_1UITests.swift; sourceTree = "<group>"; };
		43C3D7FD229161B500EE9CDC /* Info.plist */ = {isa = PBXFileReference; lastKnownFileType = text.plist.xml; path = Info.plist; sourceTree = "<group>"; };
		43C3D93D2291F88900EE9CDC /* logo.png */ = {isa = PBXFileReference; lastKnownFileType = image.png; path = logo.png; sourceTree = SOURCE_ROOT; };
		43C3D93E2291F88900EE9CDC /* apress.png */ = {isa = PBXFileReference; lastKnownFileType = image.png; path = apress.png; sourceTree = SOURCE_ROOT; };
/* End PBXFileReference section */

/* Begin PBXFrameworksBuildPhase section */
		43C3D7D5229161B400EE9CDC /* Frameworks */ = {
			isa = PBXFrameworksBuildPhase;
			buildActionMask = 2147483647;
			files = (
			);
			runOnlyForDeploymentPostprocessing = 0;
		};
		43C3D7E9229161B500EE9CDC /* Frameworks */ = {
			isa = PBXFrameworksBuildPhase;
			buildActionMask = 2147483647;
			files = (
			);
			runOnlyForDeploymentPostprocessing = 0;
		};
		43C3D7F4229161B500EE9CDC /* Frameworks */ = {
			isa = PBXFrameworksBuildPhase;
			buildActionMask = 2147483647;
			files = (
			);
			runOnlyForDeploymentPostprocessing = 0;
		};
/* End PBXFrameworksBuildPhase section */

/* Begin PBXGroup section */
		43C3D7CF229161B400EE9CDC = {
			isa = PBXGroup;
			children = (
				43C3D7DA229161B400EE9CDC /* chapter5_1 */,
				43C3D7EF229161B500EE9CDC /* chapter5_1Tests */,
				43C3D7FA229161B500EE9CDC /* chapter5_1UITests */,
				43C3D7D9229161B400EE9CDC /* Products */,
			);
			sourceTree = "<group>";
		};
		43C3D7D9229161B400EE9CDC /* Products */ = {
			isa = PBXGroup;
			children = (
				43C3D7D8229161B400EE9CDC /* chapter5_1.app */,
				43C3D7EC229161B500EE9CDC /* chapter5_1Tests.xctest */,
				43C3D7F7229161B500EE9CDC /* chapter5_1UITests.xctest */,
			);
			name = Products;
			sourceTree = "<group>";
		};
		43C3D7DA229161B400EE9CDC /* chapter5_1 */ = {
			isa = PBXGroup;
			children = (
				43C3D7DB229161B400EE9CDC /* AppDelegate.swift */,
				43C3D93E2291F88900EE9CDC /* apress.png */,
				43C3D93D2291F88900EE9CDC /* logo.png */,
				43C3D7DD229161B400EE9CDC /* ViewController.swift */,
				43C3D7DF229161B400EE9CDC /* Main.storyboard */,
				43C3D7E2229161B500EE9CDC /* Assets.xcassets */,
				43C3D7E4229161B500EE9CDC /* LaunchScreen.storyboard */,
				43C3D7E7229161B500EE9CDC /* Info.plist */,
			);
			path = chapter5_1;
			sourceTree = "<group>";
		};
		43C3D7EF229161B500EE9CDC /* chapter5_1Tests */ = {
			isa = PBXGroup;
			children = (
				43C3D7F0229161B500EE9CDC /* chapter5_1Tests.swift */,
				43C3D7F2229161B500EE9CDC /* Info.plist */,
			);
			path = chapter5_1Tests;
			sourceTree = "<group>";
		};
		43C3D7FA229161B500EE9CDC /* chapter5_1UITests */ = {
			isa = PBXGroup;
			children = (
				43C3D7FB229161B500EE9CDC /* chapter5_1UITests.swift */,
				43C3D7FD229161B500EE9CDC /* Info.plist */,
			);
			path = chapter5_1UITests;
			sourceTree = "<group>";
		};
/* End PBXGroup section */

/* Begin PBXNativeTarget section */
		43C3D7D7229161B400EE9CDC /* chapter5_1 */ = {
			isa = PBXNativeTarget;
			buildConfigurationList = 43C3D800229161B500EE9CDC /* Build configuration list for PBXNativeTarget "chapter5_1" */;
			buildPhases = (
				43C3D7D4229161B400EE9CDC /* Sources */,
				43C3D7D5229161B400EE9CDC /* Frameworks */,
				43C3D7D6229161B400EE9CDC /* Resources */,
			);
			buildRules = (
			);
			dependencies = (
			);
			name = chapter5_1;
			productName = chapter5_1;
			productReference = 43C3D7D8229161B400EE9CDC /* chapter5_1.app */;
			productType = "com.apple.product-type.application";
		};
		43C3D7EB229161B500EE9CDC /* chapter5_1Tests */ = {
			isa = PBXNativeTarget;
			buildConfigurationList = 43C3D803229161B500EE9CDC /* Build configuration list for PBXNativeTarget "chapter5_1Tests" */;
			buildPhases = (
				43C3D7E8229161B500EE9CDC /* Sources */,
				43C3D7E9229161B500EE9CDC /* Frameworks */,
				43C3D7EA229161B500EE9CDC /* Resources */,
			);
			buildRules = (
			);
			dependencies = (
				43C3D7EE229161B500EE9CDC /* PBXTargetDependency */,
			);
			name = chapter5_1Tests;
			productName = chapter5_1Tests;
			productReference = 43C3D7EC229161B500EE9CDC /* chapter5_1Tests.xctest */;
			productType = "com.apple.product-type.bundle.unit-test";
		};
		43C3D7F6229161B500EE9CDC /* chapter5_1UITests */ = {
			isa = PBXNativeTarget;
			buildConfigurationList = 43C3D806229161B500EE9CDC /* Build configuration list for PBXNativeTarget "chapter5_1UITests" */;
			buildPhases = (
				43C3D7F3229161B500EE9CDC /* Sources */,
				43C3D7F4229161B500EE9CDC /* Frameworks */,
				43C3D7F5229161B500EE9CDC /* Resources */,
			);
			buildRules = (
			);
			dependencies = (
				43C3D7F9229161B500EE9CDC /* PBXTargetDependency */,
			);
			name = chapter5_1UITests;
			productName = chapter5_1UITests;
			productReference = 43C3D7F7229161B500EE9CDC /* chapter5_1UITests.xctest */;
			productType = "com.apple.product-type.bundle.ui-testing";
		};
/* End PBXNativeTarget section */

/* Begin PBXProject section */
		43C3D7D0229161B400EE9CDC /* Project object */ = {
			isa = PBXProject;
			attributes = {
				LastSwiftUpdateCheck = 1010;
				LastUpgradeCheck = 1010;
				ORGANIZATIONNAME = Silver_Gold;
				TargetAttributes = {
					43C3D7D7229161B400EE9CDC = {
						CreatedOnToolsVersion = 10.1;
					};
					43C3D7EB229161B500EE9CDC = {
						CreatedOnToolsVersion = 10.1;
						TestTargetID = 43C3D7D7229161B400EE9CDC;
					};
					43C3D7F6229161B500EE9CDC = {
						CreatedOnToolsVersion = 10.1;
						TestTargetID = 43C3D7D7229161B400EE9CDC;
					};
				};
			};
			buildConfigurationList = 43C3D7D3229161B400EE9CDC /* Build configuration list for PBXProject "chapter5_1" */;
			compatibilityVersion = "Xcode 9.3";
			developmentRegion = en;
			hasScannedForEncodings = 0;
			knownRegions = (
				en,
				Base,
			);
			mainGroup = 43C3D7CF229161B400EE9CDC;
			productRefGroup = 43C3D7D9229161B400EE9CDC /* Products */;
			projectDirPath = "";
			projectRoot = "";
			targets = (
				43C3D7D7229161B400EE9CDC /* chapter5_1 */,
				43C3D7EB229161B500EE9CDC /* chapter5_1Tests */,
				43C3D7F6229161B500EE9CDC /* chapter5_1UITests */,
			);
		};
/* End PBXProject section */

/* Begin PBXResourcesBuildPhase section */
		43C3D7D6229161B400EE9CDC /* Resources */ = {
			isa = PBXResourcesBuildPhase;
			buildActionMask = 2147483647;
			files = (
				43C3D93F2291F88900EE9CDC /* logo.png in Resources */,
				43C3D7E6229161B500EE9CDC /* LaunchScreen.storyboard in Resources */,
				43C3D7E3229161B500EE9CDC /* Assets.xcassets in Resources */,
				43C3D9402291F88900EE9CDC /* apress.png in Resources */,
				43C3D7E1229161B400EE9CDC /* Main.storyboard in Resources */,
			);
			runOnlyForDeploymentPostprocessing = 0;
		};
		43C3D7EA229161B500EE9CDC /* Resources */ = {
			isa = PBXResourcesBuildPhase;
			buildActionMask = 2147483647;
			files = (
			);
			runOnlyForDeploymentPostprocessing = 0;
		};
		43C3D7F5229161B500EE9CDC /* Resources */ = {
			isa = PBXResourcesBuildPhase;
			buildActionMask = 2147483647;
			files = (
			);
			runOnlyForDeploymentPostprocessing = 0;
		};
/* End PBXResourcesBuildPhase section */

/* Begin PBXSourcesBuildPhase section */
		43C3D7D4229161B400EE9CDC /* Sources */ = {
			isa = PBXSourcesBuildPhase;
			buildActionMask = 2147483647;
			files = (
				43C3D7DE229161B400EE9CDC /* ViewController.swift in Sources */,
				43C3D7DC229161B400EE9CDC /* AppDelegate.swift in Sources */,
			);
			runOnlyForDeploymentPostprocessing = 0;
		};
		43C3D7E8229161B500EE9CDC /* Sources */ = {
			isa = PBXSourcesBuildPhase;
			buildActionMask = 2147483647;
			files = (
				43C3D7F1229161B500EE9CDC /* chapter5_1Tests.swift in Sources */,
			);
			runOnlyForDeploymentPostprocessing = 0;
		};
		43C3D7F3229161B500EE9CDC /* Sources */ = {
			isa = PBXSourcesBuildPhase;
			buildActionMask = 2147483647;
			files = (
				43C3D7FC229161B500EE9CDC /* chapter5_1UITests.swift in Sources */,
			);
			runOnlyForDeploymentPostprocessing = 0;
		};
/* End PBXSourcesBuildPhase section */

/* Begin PBXTargetDependency section */
		43C3D7EE229161B500EE9CDC /* PBXTargetDependency */ = {
			isa = PBXTargetDependency;
			target = 43C3D7D7229161B400EE9CDC /* chapter5_1 */;
			targetProxy = 43C3D7ED229161B500EE9CDC /* PBXContainerItemProxy */;
		};
		43C3D7F9229161B500EE9CDC /* PBXTargetDependency */ = {
			isa = PBXTargetDependency;
			target = 43C3D7D7229161B400EE9CDC /* chapter5_1 */;
			targetProxy = 43C3D7F8229161B500EE9CDC /* PBXContainerItemProxy */;
		};
/* End PBXTargetDependency section */

/* Begin PBXVariantGroup section */
		43C3D7DF229161B400EE9CDC /* Main.storyboard */ = {
			isa = PBXVariantGroup;
			children = (
				43C3D7E0229161B400EE9CDC /* Base */,
			);
			name = Main.storyboard;
			sourceTree = "<group>";
		};
		43C3D7E4229161B500EE9CDC /* LaunchScreen.storyboard */ = {
			isa = PBXVariantGroup;
			children = (
				43C3D7E5229161B500EE9CDC /* Base */,
			);
			name = LaunchScreen.storyboard;
			sourceTree = "<group>";
		};
/* End PBXVariantGroup section */

/* Begin XCBuildConfiguration section */
		43C3D7FE229161B500EE9CDC /* Debug */ = {
			isa = XCBuildConfiguration;
			buildSettings = {
				ALWAYS_SEARCH_USER_PATHS = NO;
				CLANG_ANALYZER_NONNULL = YES;
				CLANG_ANALYZER_NUMBER_OBJECT_CONVERSION = YES_AGGRESSIVE;
				CLANG_CXX_LANGUAGE_STANDARD = "gnu++14";
				CLANG_CXX_LIBRARY = "libc++";
				CLANG_ENABLE_MODULES = YES;
				CLANG_ENABLE_OBJC_ARC = YES;
				CLANG_ENABLE_OBJC_WEAK = YES;
				CLANG_WARN_BLOCK_CAPTURE_AUTORELEASING = YES;
				CLANG_WARN_BOOL_CONVERSION = YES;
				CLANG_WARN_COMMA = YES;
				CLANG_WARN_CONSTANT_CONVERSION = YES;
				CLANG_WARN_DEPRECATED_OBJC_IMPLEMENTATIONS = YES;
				CLANG_WARN_DIRECT_OBJC_ISA_USAGE = YES_ERROR;
				CLANG_WARN_DOCUMENTATION_COMMENTS = YES;
				CLANG_WARN_EMPTY_BODY = YES;
				CLANG_WARN_ENUM_CONVERSION = YES;
				CLANG_WARN_INFINITE_RECURSION = YES;
				CLANG_WARN_INT_CONVERSION = YES;
				CLANG_WARN_NON_LITERAL_NULL_CONVERSION = YES;
				CLANG_WARN_OBJC_IMPLICIT_RETAIN_SELF = YES;
				CLANG_WARN_OBJC_LITERAL_CONVERSION = YES;
				CLANG_WARN_OBJC_ROOT_CLASS = YES_ERROR;
				CLANG_WARN_RANGE_LOOP_ANALYSIS = YES;
				CLANG_WARN_STRICT_PROTOTYPES = YES;
				CLANG_WARN_SUSPICIOUS_MOVE = YES;
				CLANG_WARN_UNGUARDED_AVAILABILITY = YES_AGGRESSIVE;
				CLANG_WARN_UNREACHABLE_CODE = YES;
				CLANG_WARN__DUPLICATE_METHOD_MATCH = YES;
				CODE_SIGN_IDENTITY = "iPhone Developer";
				COPY_PHASE_STRIP = NO;
				DEBUG_INFORMATION_FORMAT = dwarf;
				ENABLE_STRICT_OBJC_MSGSEND = YES;
				ENABLE_TESTABILITY = YES;
				GCC_C_LANGUAGE_STANDARD = gnu11;
				GCC_DYNAMIC_NO_PIC = NO;
				GCC_NO_COMMON_BLOCKS = YES;
				GCC_OPTIMIZATION_LEVEL = 0;
				GCC_PREPROCESSOR_DEFINITIONS = (
					"DEBUG=1",
					"$(inherited)",
				);
				GCC_WARN_64_TO_32_BIT_CONVERSION = YES;
				GCC_WARN_ABOUT_RETURN_TYPE = YES_ERROR;
				GCC_WARN_UNDECLARED_SELECTOR = YES;
				GCC_WARN_UNINITIALIZED_AUTOS = YES_AGGRESSIVE;
				GCC_WARN_UNUSED_FUNCTION = YES;
				GCC_WARN_UNUSED_VARIABLE = YES;
				IPHONEOS_DEPLOYMENT_TARGET = 12.1;
				MTL_ENABLE_DEBUG_INFO = INCLUDE_SOURCE;
				MTL_FAST_MATH = YES;
				ONLY_ACTIVE_ARCH = YES;
				SDKROOT = iphoneos;
				SWIFT_ACTIVE_COMPILATION_CONDITIONS = DEBUG;
				SWIFT_OPTIMIZATION_LEVEL = "-Onone";
			};
			name = Debug;
		};
		43C3D7FF229161B500EE9CDC /* Release */ = {
			isa = XCBuildConfiguration;
			buildSettings = {
				ALWAYS_SEARCH_USER_PATHS = NO;
				CLANG_ANALYZER_NONNULL = YES;
				CLANG_ANALYZER_NUMBER_OBJECT_CONVERSION = YES_AGGRESSIVE;
				CLANG_CXX_LANGUAGE_STANDARD = "gnu++14";
				CLANG_CXX_LIBRARY = "libc++";
				CLANG_ENABLE_MODULES = YES;
				CLANG_ENABLE_OBJC_ARC = YES;
				CLANG_ENABLE_OBJC_WEAK = YES;
				CLANG_WARN_BLOCK_CAPTURE_AUTORELEASING = YES;
				CLANG_WARN_BOOL_CONVERSION = YES;
				CLANG_WARN_COMMA = YES;
				CLANG_WARN_CONSTANT_CONVERSION = YES;
				CLANG_WARN_DEPRECATED_OBJC_IMPLEMENTATIONS = YES;
				CLANG_WARN_DIRECT_OBJC_ISA_USAGE = YES_ERROR;
				CLANG_WARN_DOCUMENTATION_COMMENTS = YES;
				CLANG_WARN_EMPTY_BODY = YES;
				CLANG_WARN_ENUM_CONVERSION = YES;
				CLANG_WARN_INFINITE_RECURSION = YES;
				CLANG_WARN_INT_CONVERSION = YES;
				CLANG_WARN_NON_LITERAL_NULL_CONVERSION = YES;
				CLANG_WARN_OBJC_IMPLICIT_RETAIN_SELF = YES;
				CLANG_WARN_OBJC_LITERAL_CONVERSION = YES;
				CLANG_WARN_OBJC_ROOT_CLASS = YES_ERROR;
				CLANG_WARN_RANGE_LOOP_ANALYSIS = YES;
				CLANG_WARN_STRICT_PROTOTYPES = YES;
				CLANG_WARN_SUSPICIOUS_MOVE = YES;
				CLANG_WARN_UNGUARDED_AVAILABILITY = YES_AGGRESSIVE;
				CLANG_WARN_UNREACHABLE_CODE = YES;
				CLANG_WARN__DUPLICATE_METHOD_MATCH = YES;
				CODE_SIGN_IDENTITY = "iPhone Developer";
				COPY_PHASE_STRIP = NO;
				DEBUG_INFORMATION_FORMAT = "dwarf-with-dsym";
				ENABLE_NS_ASSERTIONS = NO;
				ENABLE_STRICT_OBJC_MSGSEND = YES;
				GCC_C_LANGUAGE_STANDARD = gnu11;
				GCC_NO_COMMON_BLOCKS = YES;
				GCC_WARN_64_TO_32_BIT_CONVERSION = YES;
				GCC_WARN_ABOUT_RETURN_TYPE = YES_ERROR;
				GCC_WARN_UNDECLARED_SELECTOR = YES;
				GCC_WARN_UNINITIALIZED_AUTOS = YES_AGGRESSIVE;
				GCC_WARN_UNUSED_FUNCTION = YES;
				GCC_WARN_UNUSED_VARIABLE = YES;
				IPHONEOS_DEPLOYMENT_TARGET = 12.1;
				MTL_ENABLE_DEBUG_INFO = NO;
				MTL_FAST_MATH = YES;
				SDKROOT = iphoneos;
				SWIFT_COMPILATION_MODE = wholemodule;
				SWIFT_OPTIMIZATION_LEVEL = "-O";
				VALIDATE_PRODUCT = YES;
			};
			name = Release;
		};
		43C3D801229161B500EE9CDC /* Debug */ = {
			isa = XCBuildConfiguration;
			buildSettings = {
				ASSETCATALOG_COMPILER_APPICON_NAME = AppIcon;
				CODE_SIGN_STYLE = Automatic;
				DEVELOPMENT_TEAM = P8ZLS2AV84;
				INFOPLIST_FILE = chapter5_1/Info.plist;
				LD_RUNPATH_SEARCH_PATHS = (
					"$(inherited)",
					"@executable_path/Frameworks",
				);
				PRODUCT_BUNDLE_IDENTIFIER = "Silver.chapter5-1";
				PRODUCT_NAME = "$(TARGET_NAME)";
				SWIFT_VERSION = 4.2;
				TARGETED_DEVICE_FAMILY = "1,2";
			};
			name = Debug;
		};
		43C3D802229161B500EE9CDC /* Release */ = {
			isa = XCBuildConfiguration;
			buildSettings = {
				ASSETCATALOG_COMPILER_APPICON_NAME = AppIcon;
				CODE_SIGN_STYLE = Automatic;
				DEVELOPMENT_TEAM = P8ZLS2AV84;
				INFOPLIST_FILE = chapter5_1/Info.plist;
				LD_RUNPATH_SEARCH_PATHS = (
					"$(inherited)",
					"@executable_path/Frameworks",
				);
				PRODUCT_BUNDLE_IDENTIFIER = "Silver.chapter5-1";
				PRODUCT_NAME = "$(TARGET_NAME)";
				SWIFT_VERSION = 4.2;
				TARGETED_DEVICE_FAMILY = "1,2";
			};
			name = Release;
		};
		43C3D804229161B500EE9CDC /* Debug */ = {
			isa = XCBuildConfiguration;
			buildSettings = {
				ALWAYS_EMBED_SWIFT_STANDARD_LIBRARIES = YES;
				BUNDLE_LOADER = "$(TEST_HOST)";
				CODE_SIGN_STYLE = Automatic;
				DEVELOPMENT_TEAM = P8ZLS2AV84;
				INFOPLIST_FILE = chapter5_1Tests/Info.plist;
				LD_RUNPATH_SEARCH_PATHS = (
					"$(inherited)",
					"@executable_path/Frameworks",
					"@loader_path/Frameworks",
				);
				PRODUCT_BUNDLE_IDENTIFIER = "Silver.chapter5-1Tests";
				PRODUCT_NAME = "$(TARGET_NAME)";
				SWIFT_VERSION = 4.2;
				TARGETED_DEVICE_FAMILY = "1,2";
				TEST_HOST = "$(BUILT_PRODUCTS_DIR)/chapter5_1.app/chapter5_1";
			};
			name = Debug;
		};
		43C3D805229161B500EE9CDC /* Release */ = {
			isa = XCBuildConfiguration;
			buildSettings = {
				ALWAYS_EMBED_SWIFT_STANDARD_LIBRARIES = YES;
				BUNDLE_LOADER = "$(TEST_HOST)";
				CODE_SIGN_STYLE = Automatic;
				DEVELOPMENT_TEAM = P8ZLS2AV84;
				INFOPLIST_FILE = chapter5_1Tests/Info.plist;
				LD_RUNPATH_SEARCH_PATHS = (
					"$(inherited)",
					"@executable_path/Frameworks",
					"@loader_path/Frameworks",
				);
				PRODUCT_BUNDLE_IDENTIFIER = "Silver.chapter5-1Tests";
				PRODUCT_NAME = "$(TARGET_NAME)";
				SWIFT_VERSION = 4.2;
				TARGETED_DEVICE_FAMILY = "1,2";
				TEST_HOST = "$(BUILT_PRODUCTS_DIR)/chapter5_1.app/chapter5_1";
			};
			name = Release;
		};
		43C3D807229161B500EE9CDC /* Debug */ = {
			isa = XCBuildConfiguration;
			buildSettings = {
				ALWAYS_EMBED_SWIFT_STANDARD_LIBRARIES = YES;
				CODE_SIGN_STYLE = Automatic;
				DEVELOPMENT_TEAM = P8ZLS2AV84;
				INFOPLIST_FILE = chapter5_1UITests/Info.plist;
				LD_RUNPATH_SEARCH_PATHS = (
					"$(inherited)",
					"@executable_path/Frameworks",
					"@loader_path/Frameworks",
				);
				PRODUCT_BUNDLE_IDENTIFIER = "Silver.chapter5-1UITests";
				PRODUCT_NAME = "$(TARGET_NAME)";
				SWIFT_VERSION = 4.2;
				TARGETED_DEVICE_FAMILY = "1,2";
				TEST_TARGET_NAME = chapter5_1;
			};
			name = Debug;
		};
		43C3D808229161B500EE9CDC /* Release */ = {
			isa = XCBuildConfiguration;
			buildSettings = {
				ALWAYS_EMBED_SWIFT_STANDARD_LIBRARIES = YES;
				CODE_SIGN_STYLE = Automatic;
				DEVELOPMENT_TEAM = P8ZLS2AV84;
				INFOPLIST_FILE = chapter5_1UITests/Info.plist;
				LD_RUNPATH_SEARCH_PATHS = (
					"$(inherited)",
					"@executable_path/Frameworks",
					"@loader_path/Frameworks",
				);
				PRODUCT_BUNDLE_IDENTIFIER = "Silver.chapter5-1UITests";
				PRODUCT_NAME = "$(TARGET_NAME)";
				SWIFT_VERSION = 4.2;
				TARGETED_DEVICE_FAMILY = "1,2";
				TEST_TARGET_NAME = chapter5_1;
			};
			name = Release;
		};
/* End XCBuildConfiguration section */

/* Begin XCConfigurationList section */
		43C3D7D3229161B400EE9CDC /* Build configuration list for PBXProject "chapter5_1" */ = {
			isa = XCConfigurationList;
			buildConfigurations = (
				43C3D7FE229161B500EE9CDC /* Debug */,
				43C3D7FF229161B500EE9CDC /* Release */,
			);
			defaultConfigurationIsVisible = 0;
			defaultConfigurationName = Release;
		};
		43C3D800229161B500EE9CDC /* Build configuration list for PBXNativeTarget "chapter5_1" */ = {
			isa = XCConfigurationList;
			buildConfigurations = (
				43C3D801229161B500EE9CDC /* Debug */,
				43C3D802229161B500EE9CDC /* Release */,
			);
			defaultConfigurationIsVisible = 0;
			defaultConfigurationName = Release;
		};
		43C3D803229161B500EE9CDC /* Build configuration list for PBXNativeTarget "chapter5_1Tests" */ = {
			isa = XCConfigurationList;
			buildConfigurations = (
				43C3D804229161B500EE9CDC /* Debug */,
				43C3D805229161B500EE9CDC /* Release */,
			);
			defaultConfigurationIsVisible = 0;
			defaultConfigurationName = Release;
		};
		43C3D806229161B500EE9CDC /* Build configuration list for PBXNativeTarget "chapter5_1UITests" */ = {
			isa = XCConfigurationList;
			buildConfigurations = (
				43C3D807229161B500EE9CDC /* Debug */,
				43C3D808229161B500EE9CDC /* Release */,
			);
			defaultConfigurationIsVisible = 0;
			defaultConfigurationName = Release;
		};
/* End XCConfigurationList section */
	};
	rootObject = 43C3D7D0229161B400EE9CDC /* Project object */;
}
